
Microsoft Visual Studio Solution File, Format Version 12.00
# Visual Studio Version 17
VisualStudioVersion = 17.11.35312.102
MinimumVisualStudioVersion = 10.0.40219.1
Project("{FAE04EC0-301F-11D3-BF4B-00C04F79EFBC}") = "ListArray", "ListArray\ListArray.csproj", "{11087555-0978-4DE7-8B38-2044A480AB33}"
EndProject
Global
	GlobalSection(SolutionConfigurationPlatforms) = preSolution
		Debug|Any CPU = Debug|Any CPU
		Release|Any CPU = Release|Any CPU
	EndGlobalSection
	GlobalSection(ProjectConfigurationPlatforms) = postSolution
		{11087555-0978-4DE7-8B38-2044A480AB33}.Debug|Any CPU.ActiveCfg = Debug|Any CPU
		{11087555-0978-4DE7-8B38-2044A480AB33}.Debug|Any CPU.Build.0 = Debug|Any CPU
		{11087555-0978-4DE7-8B38-2044A480AB33}.Release|Any CPU.ActiveCfg = Release|Any CPU
		{11087555-0978-4DE7-8B38-2044A480AB33}.Release|Any CPU.Build.0 = Release|Any CPU
	EndGlobalSection
	GlobalSection(SolutionProperties) = preSolution
		HideSolutionNode = FALSE
	EndGlobalSection
	GlobalSection(ExtensibilityGlobals) = postSolution
		SolutionGuid = {6349BAB5-FAA3-4FD4-AC49-B28FC753CBBD}
	EndGlobalSection
EndGlobal
