
Microsoft Visual Studio Solution File, Format Version 12.00
# Visual Studio Version 17
VisualStudioVersion = 17.11.35312.102
MinimumVisualStudioVersion = 10.0.40219.1
Project("{FAE04EC0-301F-11D3-BF4B-00C04F79EFBC}") = "FileTaskSt", "FileTaskSt\FileTaskSt.csproj", "{43BB2406-547E-4409-A13B-B3E66E570D05}"
EndProject
Global
	GlobalSection(SolutionConfigurationPlatforms) = preSolution
		Debug|Any CPU = Debug|Any CPU
		Release|Any CPU = Release|Any CPU
	EndGlobalSection
	GlobalSection(ProjectConfigurationPlatforms) = postSolution
		{43BB2406-547E-4409-A13B-B3E66E570D05}.Debug|Any CPU.ActiveCfg = Debug|Any CPU
		{43BB2406-547E-4409-A13B-B3E66E570D05}.Debug|Any CPU.Build.0 = Debug|Any CPU
		{43BB2406-547E-4409-A13B-B3E66E570D05}.Release|Any CPU.ActiveCfg = Release|Any CPU
		{43BB2406-547E-4409-A13B-B3E66E570D05}.Release|Any CPU.Build.0 = Release|Any CPU
	EndGlobalSection
	GlobalSection(SolutionProperties) = preSolution
		HideSolutionNode = FALSE
	EndGlobalSection
	GlobalSection(ExtensibilityGlobals) = postSolution
		SolutionGuid = {8018FEF4-EBB7-4597-BC23-F5BC6D59272F}
	EndGlobalSection
EndGlobal
